
Microsoft Visual Studio Solution File, Format Version 12.00
# Visual Studio Version 17
VisualStudioVersion = 17.9.34902.65
MinimumVisualStudioVersion = 10.0.40219.1
Project("{9A19103F-16F7-4668-BE54-9A1E7A4F7556}") = "Sudoku_WPF", "Sudoku_WPF\Sudoku_WPF.csproj", "{2E40C95D-94A4-401A-A1DE-F1E123F36454}"
EndProject
Project("{FAE04EC0-301F-11D3-BF4B-00C04F79EFBC}") = "DAL", "DAL\DAL.csproj", "{61CD3DBF-B9F1-44FC-A66A-BC062127B277}"
EndProject
Global
	GlobalSection(SolutionConfigurationPlatforms) = preSolution
		Debug|Any CPU = Debug|Any CPU
		Release|Any CPU = Release|Any CPU
	EndGlobalSection
	GlobalSection(ProjectConfigurationPlatforms) = postSolution
		{2E40C95D-94A4-401A-A1DE-F1E123F36454}.Debug|Any CPU.ActiveCfg = Debug|Any CPU
		{2E40C95D-94A4-401A-A1DE-F1E123F36454}.Debug|Any CPU.Build.0 = Debug|Any CPU
		{2E40C95D-94A4-401A-A1DE-F1E123F36454}.Release|Any CPU.ActiveCfg = Release|Any CPU
		{2E40C95D-94A4-401A-A1DE-F1E123F36454}.Release|Any CPU.Build.0 = Release|Any CPU
		{61CD3DBF-B9F1-44FC-A66A-BC062127B277}.Debug|Any CPU.ActiveCfg = Debug|Any CPU
		{61CD3DBF-B9F1-44FC-A66A-BC062127B277}.Debug|Any CPU.Build.0 = Debug|Any CPU
		{61CD3DBF-B9F1-44FC-A66A-BC062127B277}.Release|Any CPU.ActiveCfg = Release|Any CPU
		{61CD3DBF-B9F1-44FC-A66A-BC062127B277}.Release|Any CPU.Build.0 = Release|Any CPU
	EndGlobalSection
	GlobalSection(SolutionProperties) = preSolution
		HideSolutionNode = FALSE
	EndGlobalSection
	GlobalSection(ExtensibilityGlobals) = postSolution
		SolutionGuid = {5FA07D2E-13A5-4D0F-8AC4-4AEF72C40583}
	EndGlobalSection
EndGlobal
